
Microsoft Visual Studio Solution File, Format Version 12.00
# Visual Studio Version 17
VisualStudioVersion = 17.4.33110.190
MinimumVisualStudioVersion = 10.0.40219.1
Project("{FAE04EC0-301F-11D3-BF4B-00C04F79EFBC}") = "Calendar", "Calendar\Calendar.csproj", "{47137DD4-098B-473C-81E3-0D061D43A553}"
EndProject
Global
	GlobalSection(SolutionConfigurationPlatforms) = preSolution
		Debug|Any CPU = Debug|Any CPU
		Release|Any CPU = Release|Any CPU
	EndGlobalSection
	GlobalSection(ProjectConfigurationPlatforms) = postSolution
		{47137DD4-098B-473C-81E3-0D061D43A553}.Debug|Any CPU.ActiveCfg = Debug|Any CPU
		{47137DD4-098B-473C-81E3-0D061D43A553}.Debug|Any CPU.Build.0 = Debug|Any CPU
		{47137DD4-098B-473C-81E3-0D061D43A553}.Release|Any CPU.ActiveCfg = Release|Any CPU
		{47137DD4-098B-473C-81E3-0D061D43A553}.Release|Any CPU.Build.0 = Release|Any CPU
	EndGlobalSection
	GlobalSection(SolutionProperties) = preSolution
		HideSolutionNode = FALSE
	EndGlobalSection
	GlobalSection(ExtensibilityGlobals) = postSolution
		SolutionGuid = {EE6D4082-6661-4D73-AE3C-0D08C480B3CF}
	EndGlobalSection
EndGlobal
